
Microsoft Visual Studio Solution File, Format Version 12.00
# Visual Studio Version 17
VisualStudioVersion = 17.0.32112.339
MinimumVisualStudioVersion = 10.0.40219.1
Project("{2150E333-8FDC-42A3-9474-1A3956D46DE8}") = "src", "src", "{D789B1B2-073B-4609-948F-25C70148CDFB}"
EndProject
Project("{9A19103F-16F7-4668-BE54-9A1E7A4F7556}") = "Synapse.Ports.HttpRest", "src\ports\Synapse.Ports.HttpRest\Synapse.Ports.HttpRest.csproj", "{5ED355AA-E920-4E75-A3B0-F6E476FC2634}"
EndProject
Project("{2150E333-8FDC-42A3-9474-1A3956D46DE8}") = "core", "core", "{ED2CBFD5-2895-44F7-9F56-CEA41A7AF4F2}"
EndProject
Project("{2150E333-8FDC-42A3-9474-1A3956D46DE8}") = "ports", "ports", "{B6954043-122F-4810-9B2F-F738E27053D8}"
EndProject
Project("{9A19103F-16F7-4668-BE54-9A1E7A4F7556}") = "Synapse.Runtime.Docker", "src\runtime\Synapse.Runtime.Docker\Synapse.Runtime.Docker.csproj", "{032F057F-AF44-4E6F-9112-FC3436D24D96}"
EndProject
Project("{2150E333-8FDC-42A3-9474-1A3956D46DE8}") = "runtime", "runtime", "{FA3BA61B-BBD3-4EF3-8087-09C3D7411540}"
EndProject
Project("{9A19103F-16F7-4668-BE54-9A1E7A4F7556}") = "Synapse.Domain", "src\core\Synapse.Domain\Synapse.Domain.csproj", "{B436986B-05AF-4F29-840E-54B88020C434}"
EndProject
Project("{9A19103F-16F7-4668-BE54-9A1E7A4F7556}") = "Synapse.Runtime.K8s", "src\runtime\Synapse.Runtime.K8s\Synapse.Runtime.K8s.csproj", "{2F6CAF9D-1416-4439-816E-A64CDC7FE571}"
EndProject
Project("{9A19103F-16F7-4668-BE54-9A1E7A4F7556}") = "Synapse.Infrastructure", "src\core\Synapse.Infrastructure\Synapse.Infrastructure.csproj", "{6CCAA18D-7F84-4C8D-91F2-E6F0CF14583E}"
EndProject
Project("{9A19103F-16F7-4668-BE54-9A1E7A4F7556}") = "Synapse.Application", "src\core\Synapse.Application\Synapse.Application.csproj", "{55AC4DEF-842B-42D9-8AB6-A601E3240584}"
EndProject
Project("{2150E333-8FDC-42A3-9474-1A3956D46DE8}") = "server", "server", "{D41BF986-9A5F-4D84-AC8D-30E5D2412494}"
EndProject
Project("{9A19103F-16F7-4668-BE54-9A1E7A4F7556}") = "Synapse.Server", "src\server\Synapse.Server\Synapse.Server.csproj", "{5AAF53CB-2E7A-4264-8927-9FDB9FEB77D7}"
EndProject
Project("{9A19103F-16F7-4668-BE54-9A1E7A4F7556}") = "Synapse.Runtime.ProcessManager", "src\runtime\Synapse.Runtime.ProcessManager\Synapse.Runtime.ProcessManager.csproj", "{1A6244F5-0BA8-46A8-968A-7FB5047B980C}"
EndProject
Project("{9A19103F-16F7-4668-BE54-9A1E7A4F7556}") = "Synapse.Integration", "src\core\Synapse.Integration\Synapse.Integration.csproj", "{2672E2E5-32D1-460E-A37B-3E268D70A4E5}"
EndProject
Project("{9A19103F-16F7-4668-BE54-9A1E7A4F7556}") = "Synapse.Runtime.Executor", "src\runtime\Synapse.Runtime.Executor\Synapse.Runtime.Executor.csproj", "{BB350F26-0EA0-4085-8074-348CEB2BD6D9}"
EndProject
Project("{9A19103F-16F7-4668-BE54-9A1E7A4F7556}") = "Synapse.Ports.Grpc", "src\ports\Synapse.Ports.Grpc\Synapse.Ports.Grpc.csproj", "{3C53D8B6-E351-486D-92EF-3F9EBE79E4FD}"
EndProject
Project("{9A19103F-16F7-4668-BE54-9A1E7A4F7556}") = "Synapse.Ports.Grpc.Client", "src\ports\Synapse.Ports.Grpc.Client\Synapse.Ports.Grpc.Client.csproj", "{67547D64-4973-466F-9629-32B32C187C78}"
EndProject
Project("{2150E333-8FDC-42A3-9474-1A3956D46DE8}") = "dashboard", "dashboard", "{19826311-054C-4E93-8B79-080145851939}"
EndProject
Project("{9A19103F-16F7-4668-BE54-9A1E7A4F7556}") = "Synapse.Ports.HttpRest.Client", "src\ports\Synapse.Ports.HttpRest.Client\Synapse.Ports.HttpRest.Client.csproj", "{8EB1FE03-4269-46DE-BACA-DE8551FBA548}"
EndProject
Project("{9A19103F-16F7-4668-BE54-9A1E7A4F7556}") = "Synapse.Ports.WebSockets.Client", "src\ports\Synapse.Ports.WebSockets.Client\Synapse.Ports.WebSockets.Client.csproj", "{CFF9C9AD-096F-44C4-ABF4-5440450FDB6D}"
EndProject
Project("{9A19103F-16F7-4668-BE54-9A1E7A4F7556}") = "Synapse.Ports.WebSockets", "src\ports\Synapse.Ports.WebSockets\Synapse.Ports.WebSockets.csproj", "{79D87ABA-0522-430E-9448-966ECD02CB05}"
EndProject
Project("{9A19103F-16F7-4668-BE54-9A1E7A4F7556}") = "Synapse.Dashboard", "src\dashboard\Synapse.Dashboard\Synapse.Dashboard.csproj", "{854B5E8B-3105-4CD3-B7DD-279278CAF138}"
EndProject
Global
	GlobalSection(SolutionConfigurationPlatforms) = preSolution
		Debug|Any CPU = Debug|Any CPU
		Release|Any CPU = Release|Any CPU
	EndGlobalSection
	GlobalSection(ProjectConfigurationPlatforms) = postSolution
		{5ED355AA-E920-4E75-A3B0-F6E476FC2634}.Debug|Any CPU.ActiveCfg = Debug|Any CPU
		{5ED355AA-E920-4E75-A3B0-F6E476FC2634}.Debug|Any CPU.Build.0 = Debug|Any CPU
		{5ED355AA-E920-4E75-A3B0-F6E476FC2634}.Release|Any CPU.ActiveCfg = Release|Any CPU
		{5ED355AA-E920-4E75-A3B0-F6E476FC2634}.Release|Any CPU.Build.0 = Release|Any CPU
		{032F057F-AF44-4E6F-9112-FC3436D24D96}.Debug|Any CPU.ActiveCfg = Debug|Any CPU
		{032F057F-AF44-4E6F-9112-FC3436D24D96}.Debug|Any CPU.Build.0 = Debug|Any CPU
		{032F057F-AF44-4E6F-9112-FC3436D24D96}.Release|Any CPU.ActiveCfg = Release|Any CPU
		{032F057F-AF44-4E6F-9112-FC3436D24D96}.Release|Any CPU.Build.0 = Release|Any CPU
		{B436986B-05AF-4F29-840E-54B88020C434}.Debug|Any CPU.ActiveCfg = Debug|Any CPU
		{B436986B-05AF-4F29-840E-54B88020C434}.Debug|Any CPU.Build.0 = Debug|Any CPU
		{B436986B-05AF-4F29-840E-54B88020C434}.Release|Any CPU.ActiveCfg = Release|Any CPU
		{B436986B-05AF-4F29-840E-54B88020C434}.Release|Any CPU.Build.0 = Release|Any CPU
		{2F6CAF9D-1416-4439-816E-A64CDC7FE571}.Debug|Any CPU.ActiveCfg = Debug|Any CPU
		{2F6CAF9D-1416-4439-816E-A64CDC7FE571}.Debug|Any CPU.Build.0 = Debug|Any CPU
		{2F6CAF9D-1416-4439-816E-A64CDC7FE571}.Release|Any CPU.ActiveCfg = Release|Any CPU
		{2F6CAF9D-1416-4439-816E-A64CDC7FE571}.Release|Any CPU.Build.0 = Release|Any CPU
		{6CCAA18D-7F84-4C8D-91F2-E6F0CF14583E}.Debug|Any CPU.ActiveCfg = Debug|Any CPU
		{6CCAA18D-7F84-4C8D-91F2-E6F0CF14583E}.Debug|Any CPU.Build.0 = Debug|Any CPU
		{6CCAA18D-7F84-4C8D-91F2-E6F0CF14583E}.Release|Any CPU.ActiveCfg = Release|Any CPU
		{6CCAA18D-7F84-4C8D-91F2-E6F0CF14583E}.Release|Any CPU.Build.0 = Release|Any CPU
		{55AC4DEF-842B-42D9-8AB6-A601E3240584}.Debug|Any CPU.ActiveCfg = Debug|Any CPU
		{55AC4DEF-842B-42D9-8AB6-A601E3240584}.Debug|Any CPU.Build.0 = Debug|Any CPU
		{55AC4DEF-842B-42D9-8AB6-A601E3240584}.Release|Any CPU.ActiveCfg = Release|Any CPU
		{55AC4DEF-842B-42D9-8AB6-A601E3240584}.Release|Any CPU.Build.0 = Release|Any CPU
		{5AAF53CB-2E7A-4264-8927-9FDB9FEB77D7}.Debug|Any CPU.ActiveCfg = Debug|Any CPU
		{5AAF53CB-2E7A-4264-8927-9FDB9FEB77D7}.Debug|Any CPU.Build.0 = Debug|Any CPU
		{5AAF53CB-2E7A-4264-8927-9FDB9FEB77D7}.Release|Any CPU.ActiveCfg = Release|Any CPU
		{5AAF53CB-2E7A-4264-8927-9FDB9FEB77D7}.Release|Any CPU.Build.0 = Release|Any CPU
		{1A6244F5-0BA8-46A8-968A-7FB5047B980C}.Debug|Any CPU.ActiveCfg = Debug|Any CPU
		{1A6244F5-0BA8-46A8-968A-7FB5047B980C}.Debug|Any CPU.Build.0 = Debug|Any CPU
		{1A6244F5-0BA8-46A8-968A-7FB5047B980C}.Release|Any CPU.ActiveCfg = Release|Any CPU
		{1A6244F5-0BA8-46A8-968A-7FB5047B980C}.Release|Any CPU.Build.0 = Release|Any CPU
		{2672E2E5-32D1-460E-A37B-3E268D70A4E5}.Debug|Any CPU.ActiveCfg = Debug|Any CPU
		{2672E2E5-32D1-460E-A37B-3E268D70A4E5}.Debug|Any CPU.Build.0 = Debug|Any CPU
		{2672E2E5-32D1-460E-A37B-3E268D70A4E5}.Release|Any CPU.ActiveCfg = Release|Any CPU
		{2672E2E5-32D1-460E-A37B-3E268D70A4E5}.Release|Any CPU.Build.0 = Release|Any CPU
		{BB350F26-0EA0-4085-8074-348CEB2BD6D9}.Debug|Any CPU.ActiveCfg = Debug|Any CPU
		{BB350F26-0EA0-4085-8074-348CEB2BD6D9}.Debug|Any CPU.Build.0 = Debug|Any CPU
		{BB350F26-0EA0-4085-8074-348CEB2BD6D9}.Release|Any CPU.ActiveCfg = Release|Any CPU
		{BB350F26-0EA0-4085-8074-348CEB2BD6D9}.Release|Any CPU.Build.0 = Release|Any CPU
		{3C53D8B6-E351-486D-92EF-3F9EBE79E4FD}.Debug|Any CPU.ActiveCfg = Debug|Any CPU
		{3C53D8B6-E351-486D-92EF-3F9EBE79E4FD}.Debug|Any CPU.Build.0 = Debug|Any CPU
		{3C53D8B6-E351-486D-92EF-3F9EBE79E4FD}.Release|Any CPU.ActiveCfg = Release|Any CPU
		{3C53D8B6-E351-486D-92EF-3F9EBE79E4FD}.Release|Any CPU.Build.0 = Release|Any CPU
		{67547D64-4973-466F-9629-32B32C187C78}.Debug|Any CPU.ActiveCfg = Debug|Any CPU
		{67547D64-4973-466F-9629-32B32C187C78}.Debug|Any CPU.Build.0 = Debug|Any CPU
		{67547D64-4973-466F-9629-32B32C187C78}.Release|Any CPU.ActiveCfg = Release|Any CPU
		{67547D64-4973-466F-9629-32B32C187C78}.Release|Any CPU.Build.0 = Release|Any CPU
		{8EB1FE03-4269-46DE-BACA-DE8551FBA548}.Debug|Any CPU.ActiveCfg = Debug|Any CPU
		{8EB1FE03-4269-46DE-BACA-DE8551FBA548}.Debug|Any CPU.Build.0 = Debug|Any CPU
		{8EB1FE03-4269-46DE-BACA-DE8551FBA548}.Release|Any CPU.ActiveCfg = Release|Any CPU
		{8EB1FE03-4269-46DE-BACA-DE8551FBA548}.Release|Any CPU.Build.0 = Release|Any CPU
		{CFF9C9AD-096F-44C4-ABF4-5440450FDB6D}.Debug|Any CPU.ActiveCfg = Debug|Any CPU
		{CFF9C9AD-096F-44C4-ABF4-5440450FDB6D}.Debug|Any CPU.Build.0 = Debug|Any CPU
		{CFF9C9AD-096F-44C4-ABF4-5440450FDB6D}.Release|Any CPU.ActiveCfg = Release|Any CPU
		{CFF9C9AD-096F-44C4-ABF4-5440450FDB6D}.Release|Any CPU.Build.0 = Release|Any CPU
		{79D87ABA-0522-430E-9448-966ECD02CB05}.Debug|Any CPU.ActiveCfg = Debug|Any CPU
		{79D87ABA-0522-430E-9448-966ECD02CB05}.Debug|Any CPU.Build.0 = Debug|Any CPU
		{79D87ABA-0522-430E-9448-966ECD02CB05}.Release|Any CPU.ActiveCfg = Release|Any CPU
		{79D87ABA-0522-430E-9448-966ECD02CB05}.Release|Any CPU.Build.0 = Release|Any CPU
		{854B5E8B-3105-4CD3-B7DD-279278CAF138}.Debug|Any CPU.ActiveCfg = Debug|Any CPU
		{854B5E8B-3105-4CD3-B7DD-279278CAF138}.Debug|Any CPU.Build.0 = Debug|Any CPU
		{854B5E8B-3105-4CD3-B7DD-279278CAF138}.Release|Any CPU.ActiveCfg = Release|Any CPU
		{854B5E8B-3105-4CD3-B7DD-279278CAF138}.Release|Any CPU.Build.0 = Release|Any CPU
	EndGlobalSection
	GlobalSection(SolutionProperties) = preSolution
		HideSolutionNode = FALSE
	EndGlobalSection
	GlobalSection(NestedProjects) = preSolution
		{5ED355AA-E920-4E75-A3B0-F6E476FC2634} = {B6954043-122F-4810-9B2F-F738E27053D8}
		{ED2CBFD5-2895-44F7-9F56-CEA41A7AF4F2} = {D789B1B2-073B-4609-948F-25C70148CDFB}
		{B6954043-122F-4810-9B2F-F738E27053D8} = {D789B1B2-073B-4609-948F-25C70148CDFB}
		{032F057F-AF44-4E6F-9112-FC3436D24D96} = {FA3BA61B-BBD3-4EF3-8087-09C3D7411540}
		{FA3BA61B-BBD3-4EF3-8087-09C3D7411540} = {D789B1B2-073B-4609-948F-25C70148CDFB}
		{B436986B-05AF-4F29-840E-54B88020C434} = {ED2CBFD5-2895-44F7-9F56-CEA41A7AF4F2}
		{2F6CAF9D-1416-4439-816E-A64CDC7FE571} = {FA3BA61B-BBD3-4EF3-8087-09C3D7411540}
		{6CCAA18D-7F84-4C8D-91F2-E6F0CF14583E} = {ED2CBFD5-2895-44F7-9F56-CEA41A7AF4F2}
		{55AC4DEF-842B-42D9-8AB6-A601E3240584} = {ED2CBFD5-2895-44F7-9F56-CEA41A7AF4F2}
		{D41BF986-9A5F-4D84-AC8D-30E5D2412494} = {D789B1B2-073B-4609-948F-25C70148CDFB}
		{5AAF53CB-2E7A-4264-8927-9FDB9FEB77D7} = {D41BF986-9A5F-4D84-AC8D-30E5D2412494}
		{1A6244F5-0BA8-46A8-968A-7FB5047B980C} = {FA3BA61B-BBD3-4EF3-8087-09C3D7411540}
		{2672E2E5-32D1-460E-A37B-3E268D70A4E5} = {ED2CBFD5-2895-44F7-9F56-CEA41A7AF4F2}
		{BB350F26-0EA0-4085-8074-348CEB2BD6D9} = {FA3BA61B-BBD3-4EF3-8087-09C3D7411540}
		{3C53D8B6-E351-486D-92EF-3F9EBE79E4FD} = {B6954043-122F-4810-9B2F-F738E27053D8}
		{67547D64-4973-466F-9629-32B32C187C78} = {B6954043-122F-4810-9B2F-F738E27053D8}
		{19826311-054C-4E93-8B79-080145851939} = {D789B1B2-073B-4609-948F-25C70148CDFB}
		{8EB1FE03-4269-46DE-BACA-DE8551FBA548} = {B6954043-122F-4810-9B2F-F738E27053D8}
		{CFF9C9AD-096F-44C4-ABF4-5440450FDB6D} = {B6954043-122F-4810-9B2F-F738E27053D8}
		{79D87ABA-0522-430E-9448-966ECD02CB05} = {B6954043-122F-4810-9B2F-F738E27053D8}
		{854B5E8B-3105-4CD3-B7DD-279278CAF138} = {19826311-054C-4E93-8B79-080145851939}
	EndGlobalSection
	GlobalSection(ExtensibilityGlobals) = postSolution
		SolutionGuid = {C1FCD70A-A848-4567-B59C-D7B076BC2F2E}
	EndGlobalSection
EndGlobal
