
Microsoft Visual Studio Solution File, Format Version 12.00
# Visual Studio Version 17
VisualStudioVersion = 17.9.34728.123
MinimumVisualStudioVersion = 10.0.40219.1
Project("{2150E333-8FDC-42A3-9474-1A3956D46DE8}") = "src", "src", "{4B9AF05C-9D6D-48C0-994D-D4A5C28FA24D}"
EndProject
Project("{2150E333-8FDC-42A3-9474-1A3956D46DE8}") = "core", "core", "{9E296C8A-4D78-4592-B046-11A3A953FD25}"
EndProject
Project("{2150E333-8FDC-42A3-9474-1A3956D46DE8}") = "dashboard", "dashboard", "{7DF998B8-0FB1-470E-8ED0-EA1CC7B16901}"
EndProject
Project("{2150E333-8FDC-42A3-9474-1A3956D46DE8}") = "cli", "cli", "{D3B3B95D-B598-4B13-B754-4A7E530405A6}"
EndProject
Project("{2150E333-8FDC-42A3-9474-1A3956D46DE8}") = "operator", "operator", "{32EAD165-3D99-42CD-B3AF-05136DCC7F35}"
EndProject
Project("{2150E333-8FDC-42A3-9474-1A3956D46DE8}") = "runner", "runner", "{1DA47E5F-B23A-4D3C-96AA-4BD2662AB946}"
EndProject
Project("{9A19103F-16F7-4668-BE54-9A1E7A4F7556}") = "Synapse.Core", "src\core\Synapse.Core\Synapse.Core.csproj", "{F2804D69-04C9-463D-B5E5-D3185163EBC0}"
EndProject
Project("{9A19103F-16F7-4668-BE54-9A1E7A4F7556}") = "Synapse.Core.Infrastructure.Containers.Docker", "src\core\Synapse.Core.Infrastructure.Containers.Docker\Synapse.Core.Infrastructure.Containers.Docker.csproj", "{40EB503E-6E97-4375-A172-6EF55F9E0FF3}"
EndProject
Project("{2150E333-8FDC-42A3-9474-1A3956D46DE8}") = "api", "api", "{63715FC0-736D-4972-A865-41126155DF45}"
EndProject
Project("{9A19103F-16F7-4668-BE54-9A1E7A4F7556}") = "Synapse.Dashboard", "src\dashboard\Synapse.Dashboard\Synapse.Dashboard.csproj", "{A9BB7219-B24B-4E40-B10A-69E618BDA272}"
EndProject
Project("{9A19103F-16F7-4668-BE54-9A1E7A4F7556}") = "Synapse.Api.Client.Http", "src\api\Synapse.Api.Client.Http\Synapse.Api.Client.Http.csproj", "{327FF68E-E729-4616-B1BE-B262A95890A2}"
EndProject
Project("{9A19103F-16F7-4668-BE54-9A1E7A4F7556}") = "Synapse.Api.Http", "src\api\Synapse.Api.Http\Synapse.Api.Http.csproj", "{387B4948-7754-4F0B-B806-94F68A9824AC}"
EndProject
Project("{9A19103F-16F7-4668-BE54-9A1E7A4F7556}") = "Synapse.Api.Application", "src\api\Synapse.Api.Application\Synapse.Api.Application.csproj", "{F8D7F756-16A1-420B-AED4-8EF9A65B640E}"
EndProject
Project("{2150E333-8FDC-42A3-9474-1A3956D46DE8}") = "docs", "docs", "{C31B1410-C7AF-4D11-8DA5-6877756A9907}"
	ProjectSection(SolutionItems) = preProject
		code-of-conduct.md = code-of-conduct.md
		contributing.md = contributing.md
		governance.md = governance.md
		LICENSE = LICENSE
		maintainer-guidelines.md = maintainer-guidelines.md
		maintainers.md = maintainers.md
		owners.md = owners.md
		README.md = README.md
	EndProjectSection
EndProject
Project("{2150E333-8FDC-42A3-9474-1A3956D46DE8}") = "tests", "tests", "{F041A1CB-45FA-4432-BAD2-DE2EE174C6FC}"
EndProject
Project("{9A19103F-16F7-4668-BE54-9A1E7A4F7556}") = "Synapse.Api.Server", "src\api\Synapse.Api.Server\Synapse.Api.Server.csproj", "{8DFC5C6C-830A-481F-8E88-632CF5065793}"
EndProject
Project("{9A19103F-16F7-4668-BE54-9A1E7A4F7556}") = "Synapse.Core.Infrastructure", "src\core\Synapse.Core.Infrastructure\Synapse.Core.Infrastructure.csproj", "{03F9EC99-55D5-4880-9972-592A366418FD}"
EndProject
Project("{9A19103F-16F7-4668-BE54-9A1E7A4F7556}") = "Synapse.IntegrationTests", "tests\Synapse.IntegrationTests\Synapse.IntegrationTests.csproj", "{6F7ED286-A02C-4E78-9FE3-2689BD94B97C}"
EndProject
Project("{9A19103F-16F7-4668-BE54-9A1E7A4F7556}") = "Synapse.UnitTests", "tests\Synapse.UnitTests\Synapse.UnitTests.csproj", "{CB1DF439-BFBA-408D-BC09-3FF94E6C4F0F}"
EndProject
Project("{9A19103F-16F7-4668-BE54-9A1E7A4F7556}") = "Synapse.Api.Client.Core", "src\api\Synapse.Api.Client.Core\Synapse.Api.Client.Core.csproj", "{3E650D2D-B018-4056-8922-FC7DF68233B1}"
EndProject
Project("{2150E333-8FDC-42A3-9474-1A3956D46DE8}") = "runtime", "runtime", "{175CE1C5-FE17-4C8B-8823-E812BAD4E527}"
EndProject
Project("{9A19103F-16F7-4668-BE54-9A1E7A4F7556}") = "Synapse.Runtime.Abstractions", "src\runtime\Synapse.Runtime.Abstractions\Synapse.Runtime.Abstractions.csproj", "{A0E5E7F2-8C9C-4F36-B3FD-C09074893023}"
EndProject
Project("{9A19103F-16F7-4668-BE54-9A1E7A4F7556}") = "Synapse.Runtime.Native", "src\runtime\Synapse.Runtime.Native\Synapse.Runtime.Native.csproj", "{DC24E506-602F-4FD9-B8C0-CEA6B2AD8888}"
EndProject
Project("{9A19103F-16F7-4668-BE54-9A1E7A4F7556}") = "Synapse.Runtime.Containerized", "src\runtime\Synapse.Runtime.Containerized\Synapse.Runtime.Containerized.csproj", "{F327B8F1-9A13-4924-AE1B-E69788AC73E7}"
EndProject
Project("{9A19103F-16F7-4668-BE54-9A1E7A4F7556}") = "Synapse.Runner", "src\runner\Synapse.Runner\Synapse.Runner.csproj", "{E5FAA9BA-07C3-49CF-AD3B-897AE1D0B018}"
EndProject
Project("{9A19103F-16F7-4668-BE54-9A1E7A4F7556}") = "Synapse.Dashboard.StateManagement", "src\dashboard\Synapse.Dashboard.StateManagement\Synapse.Dashboard.StateManagement.csproj", "{91EF9F64-4997-407C-B353-C26B1421D0FB}"
EndProject
Project("{9A19103F-16F7-4668-BE54-9A1E7A4F7556}") = "Synapse.Operator", "src\operator\Synapse.Operator\Synapse.Operator.csproj", "{A9085F4A-5FDF-4F4A-B267-A03BC5E0FDB0}"
EndProject
Project("{9A19103F-16F7-4668-BE54-9A1E7A4F7556}") = "Synapse.Cli", "src\cli\Synapse.Cli\Synapse.Cli.csproj", "{C86F6C8B-5946-433D-9E09-2C0269CE6372}"
EndProject
Project("{2150E333-8FDC-42A3-9474-1A3956D46DE8}") = "correlator", "correlator", "{F6CA60F0-3A4A-4B27-9805-6FA96F64D94D}"
EndProject
Project("{9A19103F-16F7-4668-BE54-9A1E7A4F7556}") = "Synapse.Correlator", "src\correlator\Synapse.Correlator\Synapse.Correlator.csproj", "{1EA900CD-6CDE-4358-8412-060BF2AC3B21}"
EndProject
Project("{2150E333-8FDC-42A3-9474-1A3956D46DE8}") = "deployments", "deployments", "{562C91A3-6E91-4489-9D9D-064E7436D900}"
EndProject
Project("{2150E333-8FDC-42A3-9474-1A3956D46DE8}") = "docker-compose", "docker-compose", "{8DC6DDDC-0676-4FCB-9F82-570B84D1A5C2}"
EndProject
Project("{E53339B2-1760-4266-BCC7-CA923CBCF16C}") = "docker-compose", "deployments\docker-compose\docker-compose.dcproj", "{A2D3AFB0-C7E0-4778-9D0A-DFCE0E24AF17}"
EndProject
Global
	GlobalSection(SolutionConfigurationPlatforms) = preSolution
		Debug|Any CPU = Debug|Any CPU
		Release|Any CPU = Release|Any CPU
	EndGlobalSection
	GlobalSection(ProjectConfigurationPlatforms) = postSolution
		{F2804D69-04C9-463D-B5E5-D3185163EBC0}.Debug|Any CPU.ActiveCfg = Debug|Any CPU
		{F2804D69-04C9-463D-B5E5-D3185163EBC0}.Debug|Any CPU.Build.0 = Debug|Any CPU
		{F2804D69-04C9-463D-B5E5-D3185163EBC0}.Release|Any CPU.ActiveCfg = Release|Any CPU
		{F2804D69-04C9-463D-B5E5-D3185163EBC0}.Release|Any CPU.Build.0 = Release|Any CPU
		{40EB503E-6E97-4375-A172-6EF55F9E0FF3}.Debug|Any CPU.ActiveCfg = Debug|Any CPU
		{40EB503E-6E97-4375-A172-6EF55F9E0FF3}.Debug|Any CPU.Build.0 = Debug|Any CPU
		{40EB503E-6E97-4375-A172-6EF55F9E0FF3}.Release|Any CPU.ActiveCfg = Release|Any CPU
		{40EB503E-6E97-4375-A172-6EF55F9E0FF3}.Release|Any CPU.Build.0 = Release|Any CPU
		{A9BB7219-B24B-4E40-B10A-69E618BDA272}.Debug|Any CPU.ActiveCfg = Debug|Any CPU
		{A9BB7219-B24B-4E40-B10A-69E618BDA272}.Debug|Any CPU.Build.0 = Debug|Any CPU
		{A9BB7219-B24B-4E40-B10A-69E618BDA272}.Release|Any CPU.ActiveCfg = Release|Any CPU
		{A9BB7219-B24B-4E40-B10A-69E618BDA272}.Release|Any CPU.Build.0 = Release|Any CPU
		{327FF68E-E729-4616-B1BE-B262A95890A2}.Debug|Any CPU.ActiveCfg = Debug|Any CPU
		{327FF68E-E729-4616-B1BE-B262A95890A2}.Debug|Any CPU.Build.0 = Debug|Any CPU
		{327FF68E-E729-4616-B1BE-B262A95890A2}.Release|Any CPU.ActiveCfg = Release|Any CPU
		{327FF68E-E729-4616-B1BE-B262A95890A2}.Release|Any CPU.Build.0 = Release|Any CPU
		{387B4948-7754-4F0B-B806-94F68A9824AC}.Debug|Any CPU.ActiveCfg = Debug|Any CPU
		{387B4948-7754-4F0B-B806-94F68A9824AC}.Debug|Any CPU.Build.0 = Debug|Any CPU
		{387B4948-7754-4F0B-B806-94F68A9824AC}.Release|Any CPU.ActiveCfg = Release|Any CPU
		{387B4948-7754-4F0B-B806-94F68A9824AC}.Release|Any CPU.Build.0 = Release|Any CPU
		{F8D7F756-16A1-420B-AED4-8EF9A65B640E}.Debug|Any CPU.ActiveCfg = Debug|Any CPU
		{F8D7F756-16A1-420B-AED4-8EF9A65B640E}.Debug|Any CPU.Build.0 = Debug|Any CPU
		{F8D7F756-16A1-420B-AED4-8EF9A65B640E}.Release|Any CPU.ActiveCfg = Release|Any CPU
		{F8D7F756-16A1-420B-AED4-8EF9A65B640E}.Release|Any CPU.Build.0 = Release|Any CPU
		{8DFC5C6C-830A-481F-8E88-632CF5065793}.Debug|Any CPU.ActiveCfg = Debug|Any CPU
		{8DFC5C6C-830A-481F-8E88-632CF5065793}.Debug|Any CPU.Build.0 = Debug|Any CPU
		{8DFC5C6C-830A-481F-8E88-632CF5065793}.Release|Any CPU.ActiveCfg = Release|Any CPU
		{8DFC5C6C-830A-481F-8E88-632CF5065793}.Release|Any CPU.Build.0 = Release|Any CPU
		{03F9EC99-55D5-4880-9972-592A366418FD}.Debug|Any CPU.ActiveCfg = Debug|Any CPU
		{03F9EC99-55D5-4880-9972-592A366418FD}.Debug|Any CPU.Build.0 = Debug|Any CPU
		{03F9EC99-55D5-4880-9972-592A366418FD}.Release|Any CPU.ActiveCfg = Release|Any CPU
		{03F9EC99-55D5-4880-9972-592A366418FD}.Release|Any CPU.Build.0 = Release|Any CPU
		{6F7ED286-A02C-4E78-9FE3-2689BD94B97C}.Debug|Any CPU.ActiveCfg = Debug|Any CPU
		{6F7ED286-A02C-4E78-9FE3-2689BD94B97C}.Debug|Any CPU.Build.0 = Debug|Any CPU
		{6F7ED286-A02C-4E78-9FE3-2689BD94B97C}.Release|Any CPU.ActiveCfg = Release|Any CPU
		{6F7ED286-A02C-4E78-9FE3-2689BD94B97C}.Release|Any CPU.Build.0 = Release|Any CPU
		{CB1DF439-BFBA-408D-BC09-3FF94E6C4F0F}.Debug|Any CPU.ActiveCfg = Debug|Any CPU
		{CB1DF439-BFBA-408D-BC09-3FF94E6C4F0F}.Debug|Any CPU.Build.0 = Debug|Any CPU
		{CB1DF439-BFBA-408D-BC09-3FF94E6C4F0F}.Release|Any CPU.ActiveCfg = Release|Any CPU
		{CB1DF439-BFBA-408D-BC09-3FF94E6C4F0F}.Release|Any CPU.Build.0 = Release|Any CPU
		{3E650D2D-B018-4056-8922-FC7DF68233B1}.Debug|Any CPU.ActiveCfg = Debug|Any CPU
		{3E650D2D-B018-4056-8922-FC7DF68233B1}.Debug|Any CPU.Build.0 = Debug|Any CPU
		{3E650D2D-B018-4056-8922-FC7DF68233B1}.Release|Any CPU.ActiveCfg = Release|Any CPU
		{3E650D2D-B018-4056-8922-FC7DF68233B1}.Release|Any CPU.Build.0 = Release|Any CPU
		{A0E5E7F2-8C9C-4F36-B3FD-C09074893023}.Debug|Any CPU.ActiveCfg = Debug|Any CPU
		{A0E5E7F2-8C9C-4F36-B3FD-C09074893023}.Debug|Any CPU.Build.0 = Debug|Any CPU
		{A0E5E7F2-8C9C-4F36-B3FD-C09074893023}.Release|Any CPU.ActiveCfg = Release|Any CPU
		{A0E5E7F2-8C9C-4F36-B3FD-C09074893023}.Release|Any CPU.Build.0 = Release|Any CPU
		{DC24E506-602F-4FD9-B8C0-CEA6B2AD8888}.Debug|Any CPU.ActiveCfg = Debug|Any CPU
		{DC24E506-602F-4FD9-B8C0-CEA6B2AD8888}.Debug|Any CPU.Build.0 = Debug|Any CPU
		{DC24E506-602F-4FD9-B8C0-CEA6B2AD8888}.Release|Any CPU.ActiveCfg = Release|Any CPU
		{DC24E506-602F-4FD9-B8C0-CEA6B2AD8888}.Release|Any CPU.Build.0 = Release|Any CPU
		{F327B8F1-9A13-4924-AE1B-E69788AC73E7}.Debug|Any CPU.ActiveCfg = Debug|Any CPU
		{F327B8F1-9A13-4924-AE1B-E69788AC73E7}.Debug|Any CPU.Build.0 = Debug|Any CPU
		{F327B8F1-9A13-4924-AE1B-E69788AC73E7}.Release|Any CPU.ActiveCfg = Release|Any CPU
		{F327B8F1-9A13-4924-AE1B-E69788AC73E7}.Release|Any CPU.Build.0 = Release|Any CPU
		{E5FAA9BA-07C3-49CF-AD3B-897AE1D0B018}.Debug|Any CPU.ActiveCfg = Debug|Any CPU
		{E5FAA9BA-07C3-49CF-AD3B-897AE1D0B018}.Debug|Any CPU.Build.0 = Debug|Any CPU
		{E5FAA9BA-07C3-49CF-AD3B-897AE1D0B018}.Release|Any CPU.ActiveCfg = Release|Any CPU
		{E5FAA9BA-07C3-49CF-AD3B-897AE1D0B018}.Release|Any CPU.Build.0 = Release|Any CPU
		{91EF9F64-4997-407C-B353-C26B1421D0FB}.Debug|Any CPU.ActiveCfg = Debug|Any CPU
		{91EF9F64-4997-407C-B353-C26B1421D0FB}.Debug|Any CPU.Build.0 = Debug|Any CPU
		{91EF9F64-4997-407C-B353-C26B1421D0FB}.Release|Any CPU.ActiveCfg = Release|Any CPU
		{91EF9F64-4997-407C-B353-C26B1421D0FB}.Release|Any CPU.Build.0 = Release|Any CPU
		{A9085F4A-5FDF-4F4A-B267-A03BC5E0FDB0}.Debug|Any CPU.ActiveCfg = Debug|Any CPU
		{A9085F4A-5FDF-4F4A-B267-A03BC5E0FDB0}.Debug|Any CPU.Build.0 = Debug|Any CPU
		{A9085F4A-5FDF-4F4A-B267-A03BC5E0FDB0}.Release|Any CPU.ActiveCfg = Release|Any CPU
		{A9085F4A-5FDF-4F4A-B267-A03BC5E0FDB0}.Release|Any CPU.Build.0 = Release|Any CPU
		{C86F6C8B-5946-433D-9E09-2C0269CE6372}.Debug|Any CPU.ActiveCfg = Debug|Any CPU
		{C86F6C8B-5946-433D-9E09-2C0269CE6372}.Debug|Any CPU.Build.0 = Debug|Any CPU
		{C86F6C8B-5946-433D-9E09-2C0269CE6372}.Release|Any CPU.ActiveCfg = Release|Any CPU
		{C86F6C8B-5946-433D-9E09-2C0269CE6372}.Release|Any CPU.Build.0 = Release|Any CPU
		{1EA900CD-6CDE-4358-8412-060BF2AC3B21}.Debug|Any CPU.ActiveCfg = Debug|Any CPU
		{1EA900CD-6CDE-4358-8412-060BF2AC3B21}.Debug|Any CPU.Build.0 = Debug|Any CPU
		{1EA900CD-6CDE-4358-8412-060BF2AC3B21}.Release|Any CPU.ActiveCfg = Release|Any CPU
		{1EA900CD-6CDE-4358-8412-060BF2AC3B21}.Release|Any CPU.Build.0 = Release|Any CPU
		{A2D3AFB0-C7E0-4778-9D0A-DFCE0E24AF17}.Debug|Any CPU.ActiveCfg = Debug|Any CPU
		{A2D3AFB0-C7E0-4778-9D0A-DFCE0E24AF17}.Debug|Any CPU.Build.0 = Debug|Any CPU
		{A2D3AFB0-C7E0-4778-9D0A-DFCE0E24AF17}.Release|Any CPU.ActiveCfg = Release|Any CPU
		{A2D3AFB0-C7E0-4778-9D0A-DFCE0E24AF17}.Release|Any CPU.Build.0 = Release|Any CPU
	EndGlobalSection
	GlobalSection(SolutionProperties) = preSolution
		HideSolutionNode = FALSE
	EndGlobalSection
	GlobalSection(NestedProjects) = preSolution
		{9E296C8A-4D78-4592-B046-11A3A953FD25} = {4B9AF05C-9D6D-48C0-994D-D4A5C28FA24D}
		{7DF998B8-0FB1-470E-8ED0-EA1CC7B16901} = {4B9AF05C-9D6D-48C0-994D-D4A5C28FA24D}
		{D3B3B95D-B598-4B13-B754-4A7E530405A6} = {4B9AF05C-9D6D-48C0-994D-D4A5C28FA24D}
		{32EAD165-3D99-42CD-B3AF-05136DCC7F35} = {4B9AF05C-9D6D-48C0-994D-D4A5C28FA24D}
		{1DA47E5F-B23A-4D3C-96AA-4BD2662AB946} = {4B9AF05C-9D6D-48C0-994D-D4A5C28FA24D}
		{F2804D69-04C9-463D-B5E5-D3185163EBC0} = {9E296C8A-4D78-4592-B046-11A3A953FD25}
		{40EB503E-6E97-4375-A172-6EF55F9E0FF3} = {9E296C8A-4D78-4592-B046-11A3A953FD25}
		{63715FC0-736D-4972-A865-41126155DF45} = {4B9AF05C-9D6D-48C0-994D-D4A5C28FA24D}
		{A9BB7219-B24B-4E40-B10A-69E618BDA272} = {7DF998B8-0FB1-470E-8ED0-EA1CC7B16901}
		{327FF68E-E729-4616-B1BE-B262A95890A2} = {63715FC0-736D-4972-A865-41126155DF45}
		{387B4948-7754-4F0B-B806-94F68A9824AC} = {63715FC0-736D-4972-A865-41126155DF45}
		{F8D7F756-16A1-420B-AED4-8EF9A65B640E} = {63715FC0-736D-4972-A865-41126155DF45}
		{8DFC5C6C-830A-481F-8E88-632CF5065793} = {63715FC0-736D-4972-A865-41126155DF45}
		{03F9EC99-55D5-4880-9972-592A366418FD} = {9E296C8A-4D78-4592-B046-11A3A953FD25}
		{6F7ED286-A02C-4E78-9FE3-2689BD94B97C} = {F041A1CB-45FA-4432-BAD2-DE2EE174C6FC}
		{CB1DF439-BFBA-408D-BC09-3FF94E6C4F0F} = {F041A1CB-45FA-4432-BAD2-DE2EE174C6FC}
		{3E650D2D-B018-4056-8922-FC7DF68233B1} = {63715FC0-736D-4972-A865-41126155DF45}
		{175CE1C5-FE17-4C8B-8823-E812BAD4E527} = {4B9AF05C-9D6D-48C0-994D-D4A5C28FA24D}
		{A0E5E7F2-8C9C-4F36-B3FD-C09074893023} = {175CE1C5-FE17-4C8B-8823-E812BAD4E527}
		{DC24E506-602F-4FD9-B8C0-CEA6B2AD8888} = {175CE1C5-FE17-4C8B-8823-E812BAD4E527}
		{F327B8F1-9A13-4924-AE1B-E69788AC73E7} = {175CE1C5-FE17-4C8B-8823-E812BAD4E527}
		{E5FAA9BA-07C3-49CF-AD3B-897AE1D0B018} = {1DA47E5F-B23A-4D3C-96AA-4BD2662AB946}
		{91EF9F64-4997-407C-B353-C26B1421D0FB} = {7DF998B8-0FB1-470E-8ED0-EA1CC7B16901}
		{A9085F4A-5FDF-4F4A-B267-A03BC5E0FDB0} = {32EAD165-3D99-42CD-B3AF-05136DCC7F35}
		{C86F6C8B-5946-433D-9E09-2C0269CE6372} = {D3B3B95D-B598-4B13-B754-4A7E530405A6}
		{F6CA60F0-3A4A-4B27-9805-6FA96F64D94D} = {4B9AF05C-9D6D-48C0-994D-D4A5C28FA24D}
		{1EA900CD-6CDE-4358-8412-060BF2AC3B21} = {F6CA60F0-3A4A-4B27-9805-6FA96F64D94D}
		{8DC6DDDC-0676-4FCB-9F82-570B84D1A5C2} = {562C91A3-6E91-4489-9D9D-064E7436D900}
		{A2D3AFB0-C7E0-4778-9D0A-DFCE0E24AF17} = {8DC6DDDC-0676-4FCB-9F82-570B84D1A5C2}
	EndGlobalSection
	GlobalSection(ExtensibilityGlobals) = postSolution
		SolutionGuid = {2A6C03D6-355A-4B39-9F2B-D0FDE429C0E2}
	EndGlobalSection
EndGlobal
