
Microsoft Visual Studio Solution File, Format Version 12.00
# Visual Studio Version 17
VisualStudioVersion = 17.0.32112.339
MinimumVisualStudioVersion = 10.0.40219.1
Project("{2150E333-8FDC-42A3-9474-1A3956D46DE8}") = "src", "src", "{D789B1B2-073B-4609-948F-25C70148CDFB}"
EndProject
Project("{2150E333-8FDC-42A3-9474-1A3956D46DE8}") = "core", "core", "{ED2CBFD5-2895-44F7-9F56-CEA41A7AF4F2}"
EndProject
Project("{9A19103F-16F7-4668-BE54-9A1E7A4F7556}") = "Synapse.Runtime.Docker", "src\runtime\Synapse.Runtime.Docker\Synapse.Runtime.Docker.csproj", "{032F057F-AF44-4E6F-9112-FC3436D24D96}"
EndProject
Project("{2150E333-8FDC-42A3-9474-1A3956D46DE8}") = "runtime", "runtime", "{FA3BA61B-BBD3-4EF3-8087-09C3D7411540}"
EndProject
Project("{9A19103F-16F7-4668-BE54-9A1E7A4F7556}") = "Synapse.Domain", "src\core\Synapse.Domain\Synapse.Domain.csproj", "{B436986B-05AF-4F29-840E-54B88020C434}"
EndProject
Project("{9A19103F-16F7-4668-BE54-9A1E7A4F7556}") = "Synapse.Runtime.K8s", "src\runtime\Synapse.Runtime.K8s\Synapse.Runtime.K8s.csproj", "{2F6CAF9D-1416-4439-816E-A64CDC7FE571}"
EndProject
Project("{9A19103F-16F7-4668-BE54-9A1E7A4F7556}") = "Synapse.Infrastructure", "src\core\Synapse.Infrastructure\Synapse.Infrastructure.csproj", "{6CCAA18D-7F84-4C8D-91F2-E6F0CF14583E}"
EndProject
Project("{9A19103F-16F7-4668-BE54-9A1E7A4F7556}") = "Synapse.Application", "src\core\Synapse.Application\Synapse.Application.csproj", "{55AC4DEF-842B-42D9-8AB6-A601E3240584}"
EndProject
Project("{9A19103F-16F7-4668-BE54-9A1E7A4F7556}") = "Synapse.Runtime.ProcessManager", "src\runtime\Synapse.Runtime.ProcessManager\Synapse.Runtime.ProcessManager.csproj", "{1A6244F5-0BA8-46A8-968A-7FB5047B980C}"
EndProject
Project("{9A19103F-16F7-4668-BE54-9A1E7A4F7556}") = "Synapse.Integration", "src\core\Synapse.Integration\Synapse.Integration.csproj", "{2672E2E5-32D1-460E-A37B-3E268D70A4E5}"
EndProject
Project("{2150E333-8FDC-42A3-9474-1A3956D46DE8}") = "dashboard", "dashboard", "{19826311-054C-4E93-8B79-080145851939}"
EndProject
Project("{9A19103F-16F7-4668-BE54-9A1E7A4F7556}") = "Synapse.Dashboard", "src\dashboard\Synapse.Dashboard\Synapse.Dashboard.csproj", "{854B5E8B-3105-4CD3-B7DD-279278CAF138}"
EndProject
Project("{2150E333-8FDC-42A3-9474-1A3956D46DE8}") = "apis", "apis", "{0D5F8417-6AD7-4F3E-9D46-38CB1AC9D9FE}"
EndProject
Project("{2150E333-8FDC-42A3-9474-1A3956D46DE8}") = "runtime", "runtime", "{E19B66DC-F575-4A18-B8AA-E9D3519EB885}"
EndProject
Project("{2150E333-8FDC-42A3-9474-1A3956D46DE8}") = "management", "management", "{6DC4553F-E522-4BC3-83C2-EAFD6E2B6852}"
EndProject
Project("{9A19103F-16F7-4668-BE54-9A1E7A4F7556}") = "Synapse.Apis.Management.Core", "src\apis\management\Synapse.Apis.Management.Core\Synapse.Apis.Management.Core.csproj", "{37E915CF-9811-4F5F-859F-52F65C5B9487}"
EndProject
Project("{2150E333-8FDC-42A3-9474-1A3956D46DE8}") = "http", "http", "{1FC34AB7-B31C-47D2-B16C-C677F0794F63}"
EndProject
Project("{2150E333-8FDC-42A3-9474-1A3956D46DE8}") = "grpc", "grpc", "{E3AA9F8A-39ED-445F-9B19-E04DCBEB943A}"
EndProject
Project("{9A19103F-16F7-4668-BE54-9A1E7A4F7556}") = "Synapse.Apis.Management.Grpc", "src\apis\management\Synapse.Apis.Management.Grpc\Synapse.Apis.Management.Grpc.csproj", "{8B3AE585-D217-4271-8FE8-2DFBE554CD2B}"
EndProject
Project("{9A19103F-16F7-4668-BE54-9A1E7A4F7556}") = "Synapse.Apis.Management.Grpc.Client", "src\apis\management\Synapse.Apis.Management.Grpc.Client\Synapse.Apis.Management.Grpc.Client.csproj", "{2A53C08C-085C-41AE-B5EA-245FFBF6B6EF}"
EndProject
Project("{9A19103F-16F7-4668-BE54-9A1E7A4F7556}") = "Synapse.Apis.Management.Http.Client", "src\apis\management\Synapse.Apis.Management.Http.Client\Synapse.Apis.Management.Http.Client.csproj", "{2B488BA0-BB1C-4CFC-81DF-E9228CAC3414}"
EndProject
Project("{9A19103F-16F7-4668-BE54-9A1E7A4F7556}") = "Synapse.Apis.Management.Http", "src\apis\management\Synapse.Apis.Management.Http\Synapse.Apis.Management.Http.csproj", "{7BD25BAF-E55A-4753-AB23-5D4518424970}"
EndProject
Project("{9A19103F-16F7-4668-BE54-9A1E7A4F7556}") = "Synapse.Apis.Runtime.Core", "src\apis\runtime\Synapse.Apis.Runtime.Core\Synapse.Apis.Runtime.Core.csproj", "{B2FE4BF5-21C8-4055-AE10-68D248CA60CF}"
EndProject
Project("{2150E333-8FDC-42A3-9474-1A3956D46DE8}") = "grpc", "grpc", "{C44235AD-1105-493A-9802-1D3CFB293A04}"
EndProject
Project("{9A19103F-16F7-4668-BE54-9A1E7A4F7556}") = "Synapse.Apis.Runtime.Grpc", "src\apis\runtime\Synapse.Apis.Runtime.Grpc\Synapse.Apis.Runtime.Grpc.csproj", "{2FD03D00-6B85-4114-B05E-269668948727}"
EndProject
Project("{9A19103F-16F7-4668-BE54-9A1E7A4F7556}") = "Synapse.Apis.Runtime.Grpc.Client", "src\apis\runtime\Synapse.Apis.Runtime.Grpc.Client\Synapse.Apis.Runtime.Grpc.Client.csproj", "{ADDA4D4B-E342-402C-9A2F-BF7606E2414B}"
EndProject
Project("{2150E333-8FDC-42A3-9474-1A3956D46DE8}") = "core", "core", "{638773F0-B231-4AF0-8E16-E877407E7250}"
EndProject
Project("{2150E333-8FDC-42A3-9474-1A3956D46DE8}") = "core", "core", "{CCCFA55B-D351-4583-9FB5-D51780A2C033}"
EndProject
Project("{2150E333-8FDC-42A3-9474-1A3956D46DE8}") = "monitoring", "monitoring", "{0FF3E199-BA7A-4EA4-92B4-8910FF58A103}"
EndProject
Project("{2150E333-8FDC-42A3-9474-1A3956D46DE8}") = "core", "core", "{A8B7D153-AB02-40EF-9C7F-529BE98357E1}"
EndProject
Project("{9A19103F-16F7-4668-BE54-9A1E7A4F7556}") = "Synapse.Apis.Monitoring.Core", "src\apis\monitoring\Synapse.Apis.Monitoring.Core\Synapse.Apis.Monitoring.Core.csproj", "{018CFFE3-A56E-496A-B288-E37B7F78EAF1}"
EndProject
Project("{2150E333-8FDC-42A3-9474-1A3956D46DE8}") = "websocket", "websocket", "{3706E8C4-D534-4709-AD43-2F60E4F02609}"
EndProject
Project("{9A19103F-16F7-4668-BE54-9A1E7A4F7556}") = "Synapse.Apis.Monitoring.WebSocket", "src\apis\monitoring\Synapse.Apis.Monitoring.WebSocket\Synapse.Apis.Monitoring.WebSocket.csproj", "{4184709F-DB1A-4A27-ABC2-AE9696E40195}"
EndProject
Project("{2150E333-8FDC-42A3-9474-1A3956D46DE8}") = "ipc", "ipc", "{50840147-E3CD-42AB-955C-1070F21E81DE}"
EndProject
Project("{9A19103F-16F7-4668-BE54-9A1E7A4F7556}") = "Synapse.Apis.Management.Ipc.Client", "src\apis\management\Synapse.Apis.Management.Ipc.Client\Synapse.Apis.Management.Ipc.Client.csproj", "{66F0739D-790F-4349-BB52-C86086C4D5EB}"
EndProject
Project("{2150E333-8FDC-42A3-9474-1A3956D46DE8}") = "ipc", "ipc", "{02C8E23B-EDCE-4373-96CA-F633AEAD17F6}"
EndProject
Project("{9A19103F-16F7-4668-BE54-9A1E7A4F7556}") = "Synapse.Apis.Runtime.Ipc.Client", "src\apis\runtime\Synapse.Apis.Runtime.Ipc.Client\Synapse.Apis.Runtime.Ipc.Client.csproj", "{CA50AABD-3B15-460B-8B50-E30815DE0A1D}"
EndProject
Project("{2150E333-8FDC-42A3-9474-1A3956D46DE8}") = "apps", "apps", "{43E4163F-489D-4F58-BDB9-12813207FC49}"
EndProject
Project("{9A19103F-16F7-4668-BE54-9A1E7A4F7556}") = "Synapse.Server", "src\apps\Synapse.Server\Synapse.Server.csproj", "{957782C5-7A45-4D16-9539-607C0F397471}"
EndProject
Project("{9A19103F-16F7-4668-BE54-9A1E7A4F7556}") = "Synapse.Worker", "src\apps\Synapse.Worker\Synapse.Worker.csproj", "{DDDFF6AC-8237-4A59-A834-CF959419E316}"
EndProject
Project("{FAE04EC0-301F-11D3-BF4B-00C04F79EFBC}") = "Synapse.Cli", "src\apps\Synapse.Cli\Synapse.Cli.csproj", "{D4BEDBC3-47F8-4F4C-A644-995F10EE1C18}"
EndProject
Global
	GlobalSection(SolutionConfigurationPlatforms) = preSolution
		Debug|Any CPU = Debug|Any CPU
		Release|Any CPU = Release|Any CPU
	EndGlobalSection
	GlobalSection(ProjectConfigurationPlatforms) = postSolution
		{032F057F-AF44-4E6F-9112-FC3436D24D96}.Debug|Any CPU.ActiveCfg = Debug|Any CPU
		{032F057F-AF44-4E6F-9112-FC3436D24D96}.Debug|Any CPU.Build.0 = Debug|Any CPU
		{032F057F-AF44-4E6F-9112-FC3436D24D96}.Release|Any CPU.ActiveCfg = Release|Any CPU
		{032F057F-AF44-4E6F-9112-FC3436D24D96}.Release|Any CPU.Build.0 = Release|Any CPU
		{B436986B-05AF-4F29-840E-54B88020C434}.Debug|Any CPU.ActiveCfg = Debug|Any CPU
		{B436986B-05AF-4F29-840E-54B88020C434}.Debug|Any CPU.Build.0 = Debug|Any CPU
		{B436986B-05AF-4F29-840E-54B88020C434}.Release|Any CPU.ActiveCfg = Release|Any CPU
		{B436986B-05AF-4F29-840E-54B88020C434}.Release|Any CPU.Build.0 = Release|Any CPU
		{2F6CAF9D-1416-4439-816E-A64CDC7FE571}.Debug|Any CPU.ActiveCfg = Debug|Any CPU
		{2F6CAF9D-1416-4439-816E-A64CDC7FE571}.Debug|Any CPU.Build.0 = Debug|Any CPU
		{2F6CAF9D-1416-4439-816E-A64CDC7FE571}.Release|Any CPU.ActiveCfg = Release|Any CPU
		{2F6CAF9D-1416-4439-816E-A64CDC7FE571}.Release|Any CPU.Build.0 = Release|Any CPU
		{6CCAA18D-7F84-4C8D-91F2-E6F0CF14583E}.Debug|Any CPU.ActiveCfg = Debug|Any CPU
		{6CCAA18D-7F84-4C8D-91F2-E6F0CF14583E}.Debug|Any CPU.Build.0 = Debug|Any CPU
		{6CCAA18D-7F84-4C8D-91F2-E6F0CF14583E}.Release|Any CPU.ActiveCfg = Release|Any CPU
		{6CCAA18D-7F84-4C8D-91F2-E6F0CF14583E}.Release|Any CPU.Build.0 = Release|Any CPU
		{55AC4DEF-842B-42D9-8AB6-A601E3240584}.Debug|Any CPU.ActiveCfg = Debug|Any CPU
		{55AC4DEF-842B-42D9-8AB6-A601E3240584}.Debug|Any CPU.Build.0 = Debug|Any CPU
		{55AC4DEF-842B-42D9-8AB6-A601E3240584}.Release|Any CPU.ActiveCfg = Release|Any CPU
		{55AC4DEF-842B-42D9-8AB6-A601E3240584}.Release|Any CPU.Build.0 = Release|Any CPU
		{1A6244F5-0BA8-46A8-968A-7FB5047B980C}.Debug|Any CPU.ActiveCfg = Debug|Any CPU
		{1A6244F5-0BA8-46A8-968A-7FB5047B980C}.Debug|Any CPU.Build.0 = Debug|Any CPU
		{1A6244F5-0BA8-46A8-968A-7FB5047B980C}.Release|Any CPU.ActiveCfg = Release|Any CPU
		{1A6244F5-0BA8-46A8-968A-7FB5047B980C}.Release|Any CPU.Build.0 = Release|Any CPU
		{2672E2E5-32D1-460E-A37B-3E268D70A4E5}.Debug|Any CPU.ActiveCfg = Debug|Any CPU
		{2672E2E5-32D1-460E-A37B-3E268D70A4E5}.Debug|Any CPU.Build.0 = Debug|Any CPU
		{2672E2E5-32D1-460E-A37B-3E268D70A4E5}.Release|Any CPU.ActiveCfg = Release|Any CPU
		{2672E2E5-32D1-460E-A37B-3E268D70A4E5}.Release|Any CPU.Build.0 = Release|Any CPU
		{854B5E8B-3105-4CD3-B7DD-279278CAF138}.Debug|Any CPU.ActiveCfg = Debug|Any CPU
		{854B5E8B-3105-4CD3-B7DD-279278CAF138}.Debug|Any CPU.Build.0 = Debug|Any CPU
		{854B5E8B-3105-4CD3-B7DD-279278CAF138}.Release|Any CPU.ActiveCfg = Release|Any CPU
		{854B5E8B-3105-4CD3-B7DD-279278CAF138}.Release|Any CPU.Build.0 = Release|Any CPU
		{37E915CF-9811-4F5F-859F-52F65C5B9487}.Debug|Any CPU.ActiveCfg = Debug|Any CPU
		{37E915CF-9811-4F5F-859F-52F65C5B9487}.Debug|Any CPU.Build.0 = Debug|Any CPU
		{37E915CF-9811-4F5F-859F-52F65C5B9487}.Release|Any CPU.ActiveCfg = Release|Any CPU
		{37E915CF-9811-4F5F-859F-52F65C5B9487}.Release|Any CPU.Build.0 = Release|Any CPU
		{8B3AE585-D217-4271-8FE8-2DFBE554CD2B}.Debug|Any CPU.ActiveCfg = Debug|Any CPU
		{8B3AE585-D217-4271-8FE8-2DFBE554CD2B}.Debug|Any CPU.Build.0 = Debug|Any CPU
		{8B3AE585-D217-4271-8FE8-2DFBE554CD2B}.Release|Any CPU.ActiveCfg = Release|Any CPU
		{8B3AE585-D217-4271-8FE8-2DFBE554CD2B}.Release|Any CPU.Build.0 = Release|Any CPU
		{2A53C08C-085C-41AE-B5EA-245FFBF6B6EF}.Debug|Any CPU.ActiveCfg = Debug|Any CPU
		{2A53C08C-085C-41AE-B5EA-245FFBF6B6EF}.Debug|Any CPU.Build.0 = Debug|Any CPU
		{2A53C08C-085C-41AE-B5EA-245FFBF6B6EF}.Release|Any CPU.ActiveCfg = Release|Any CPU
		{2A53C08C-085C-41AE-B5EA-245FFBF6B6EF}.Release|Any CPU.Build.0 = Release|Any CPU
		{2B488BA0-BB1C-4CFC-81DF-E9228CAC3414}.Debug|Any CPU.ActiveCfg = Debug|Any CPU
		{2B488BA0-BB1C-4CFC-81DF-E9228CAC3414}.Debug|Any CPU.Build.0 = Debug|Any CPU
		{2B488BA0-BB1C-4CFC-81DF-E9228CAC3414}.Release|Any CPU.ActiveCfg = Release|Any CPU
		{2B488BA0-BB1C-4CFC-81DF-E9228CAC3414}.Release|Any CPU.Build.0 = Release|Any CPU
		{7BD25BAF-E55A-4753-AB23-5D4518424970}.Debug|Any CPU.ActiveCfg = Debug|Any CPU
		{7BD25BAF-E55A-4753-AB23-5D4518424970}.Debug|Any CPU.Build.0 = Debug|Any CPU
		{7BD25BAF-E55A-4753-AB23-5D4518424970}.Release|Any CPU.ActiveCfg = Release|Any CPU
		{7BD25BAF-E55A-4753-AB23-5D4518424970}.Release|Any CPU.Build.0 = Release|Any CPU
		{B2FE4BF5-21C8-4055-AE10-68D248CA60CF}.Debug|Any CPU.ActiveCfg = Debug|Any CPU
		{B2FE4BF5-21C8-4055-AE10-68D248CA60CF}.Debug|Any CPU.Build.0 = Debug|Any CPU
		{B2FE4BF5-21C8-4055-AE10-68D248CA60CF}.Release|Any CPU.ActiveCfg = Release|Any CPU
		{B2FE4BF5-21C8-4055-AE10-68D248CA60CF}.Release|Any CPU.Build.0 = Release|Any CPU
		{2FD03D00-6B85-4114-B05E-269668948727}.Debug|Any CPU.ActiveCfg = Debug|Any CPU
		{2FD03D00-6B85-4114-B05E-269668948727}.Debug|Any CPU.Build.0 = Debug|Any CPU
		{2FD03D00-6B85-4114-B05E-269668948727}.Release|Any CPU.ActiveCfg = Release|Any CPU
		{2FD03D00-6B85-4114-B05E-269668948727}.Release|Any CPU.Build.0 = Release|Any CPU
		{ADDA4D4B-E342-402C-9A2F-BF7606E2414B}.Debug|Any CPU.ActiveCfg = Debug|Any CPU
		{ADDA4D4B-E342-402C-9A2F-BF7606E2414B}.Debug|Any CPU.Build.0 = Debug|Any CPU
		{ADDA4D4B-E342-402C-9A2F-BF7606E2414B}.Release|Any CPU.ActiveCfg = Release|Any CPU
		{ADDA4D4B-E342-402C-9A2F-BF7606E2414B}.Release|Any CPU.Build.0 = Release|Any CPU
		{018CFFE3-A56E-496A-B288-E37B7F78EAF1}.Debug|Any CPU.ActiveCfg = Debug|Any CPU
		{018CFFE3-A56E-496A-B288-E37B7F78EAF1}.Debug|Any CPU.Build.0 = Debug|Any CPU
		{018CFFE3-A56E-496A-B288-E37B7F78EAF1}.Release|Any CPU.ActiveCfg = Release|Any CPU
		{018CFFE3-A56E-496A-B288-E37B7F78EAF1}.Release|Any CPU.Build.0 = Release|Any CPU
		{4184709F-DB1A-4A27-ABC2-AE9696E40195}.Debug|Any CPU.ActiveCfg = Debug|Any CPU
		{4184709F-DB1A-4A27-ABC2-AE9696E40195}.Debug|Any CPU.Build.0 = Debug|Any CPU
		{4184709F-DB1A-4A27-ABC2-AE9696E40195}.Release|Any CPU.ActiveCfg = Release|Any CPU
		{4184709F-DB1A-4A27-ABC2-AE9696E40195}.Release|Any CPU.Build.0 = Release|Any CPU
		{66F0739D-790F-4349-BB52-C86086C4D5EB}.Debug|Any CPU.ActiveCfg = Debug|Any CPU
		{66F0739D-790F-4349-BB52-C86086C4D5EB}.Debug|Any CPU.Build.0 = Debug|Any CPU
		{66F0739D-790F-4349-BB52-C86086C4D5EB}.Release|Any CPU.ActiveCfg = Release|Any CPU
		{66F0739D-790F-4349-BB52-C86086C4D5EB}.Release|Any CPU.Build.0 = Release|Any CPU
		{CA50AABD-3B15-460B-8B50-E30815DE0A1D}.Debug|Any CPU.ActiveCfg = Debug|Any CPU
		{CA50AABD-3B15-460B-8B50-E30815DE0A1D}.Debug|Any CPU.Build.0 = Debug|Any CPU
		{CA50AABD-3B15-460B-8B50-E30815DE0A1D}.Release|Any CPU.ActiveCfg = Release|Any CPU
		{CA50AABD-3B15-460B-8B50-E30815DE0A1D}.Release|Any CPU.Build.0 = Release|Any CPU
		{957782C5-7A45-4D16-9539-607C0F397471}.Debug|Any CPU.ActiveCfg = Debug|Any CPU
		{957782C5-7A45-4D16-9539-607C0F397471}.Debug|Any CPU.Build.0 = Debug|Any CPU
		{957782C5-7A45-4D16-9539-607C0F397471}.Release|Any CPU.ActiveCfg = Release|Any CPU
		{957782C5-7A45-4D16-9539-607C0F397471}.Release|Any CPU.Build.0 = Release|Any CPU
		{DDDFF6AC-8237-4A59-A834-CF959419E316}.Debug|Any CPU.ActiveCfg = Debug|Any CPU
		{DDDFF6AC-8237-4A59-A834-CF959419E316}.Debug|Any CPU.Build.0 = Debug|Any CPU
		{DDDFF6AC-8237-4A59-A834-CF959419E316}.Release|Any CPU.ActiveCfg = Release|Any CPU
		{DDDFF6AC-8237-4A59-A834-CF959419E316}.Release|Any CPU.Build.0 = Release|Any CPU
		{D4BEDBC3-47F8-4F4C-A644-995F10EE1C18}.Debug|Any CPU.ActiveCfg = Debug|Any CPU
		{D4BEDBC3-47F8-4F4C-A644-995F10EE1C18}.Debug|Any CPU.Build.0 = Debug|Any CPU
		{D4BEDBC3-47F8-4F4C-A644-995F10EE1C18}.Release|Any CPU.ActiveCfg = Release|Any CPU
		{D4BEDBC3-47F8-4F4C-A644-995F10EE1C18}.Release|Any CPU.Build.0 = Release|Any CPU
	EndGlobalSection
	GlobalSection(SolutionProperties) = preSolution
		HideSolutionNode = FALSE
	EndGlobalSection
	GlobalSection(NestedProjects) = preSolution
		{ED2CBFD5-2895-44F7-9F56-CEA41A7AF4F2} = {D789B1B2-073B-4609-948F-25C70148CDFB}
		{032F057F-AF44-4E6F-9112-FC3436D24D96} = {FA3BA61B-BBD3-4EF3-8087-09C3D7411540}
		{FA3BA61B-BBD3-4EF3-8087-09C3D7411540} = {D789B1B2-073B-4609-948F-25C70148CDFB}
		{B436986B-05AF-4F29-840E-54B88020C434} = {ED2CBFD5-2895-44F7-9F56-CEA41A7AF4F2}
		{2F6CAF9D-1416-4439-816E-A64CDC7FE571} = {FA3BA61B-BBD3-4EF3-8087-09C3D7411540}
		{6CCAA18D-7F84-4C8D-91F2-E6F0CF14583E} = {ED2CBFD5-2895-44F7-9F56-CEA41A7AF4F2}
		{55AC4DEF-842B-42D9-8AB6-A601E3240584} = {ED2CBFD5-2895-44F7-9F56-CEA41A7AF4F2}
		{1A6244F5-0BA8-46A8-968A-7FB5047B980C} = {FA3BA61B-BBD3-4EF3-8087-09C3D7411540}
		{2672E2E5-32D1-460E-A37B-3E268D70A4E5} = {ED2CBFD5-2895-44F7-9F56-CEA41A7AF4F2}
		{19826311-054C-4E93-8B79-080145851939} = {D789B1B2-073B-4609-948F-25C70148CDFB}
		{854B5E8B-3105-4CD3-B7DD-279278CAF138} = {19826311-054C-4E93-8B79-080145851939}
		{0D5F8417-6AD7-4F3E-9D46-38CB1AC9D9FE} = {D789B1B2-073B-4609-948F-25C70148CDFB}
		{E19B66DC-F575-4A18-B8AA-E9D3519EB885} = {0D5F8417-6AD7-4F3E-9D46-38CB1AC9D9FE}
		{6DC4553F-E522-4BC3-83C2-EAFD6E2B6852} = {0D5F8417-6AD7-4F3E-9D46-38CB1AC9D9FE}
		{37E915CF-9811-4F5F-859F-52F65C5B9487} = {638773F0-B231-4AF0-8E16-E877407E7250}
		{1FC34AB7-B31C-47D2-B16C-C677F0794F63} = {6DC4553F-E522-4BC3-83C2-EAFD6E2B6852}
		{E3AA9F8A-39ED-445F-9B19-E04DCBEB943A} = {6DC4553F-E522-4BC3-83C2-EAFD6E2B6852}
		{8B3AE585-D217-4271-8FE8-2DFBE554CD2B} = {E3AA9F8A-39ED-445F-9B19-E04DCBEB943A}
		{2A53C08C-085C-41AE-B5EA-245FFBF6B6EF} = {E3AA9F8A-39ED-445F-9B19-E04DCBEB943A}
		{2B488BA0-BB1C-4CFC-81DF-E9228CAC3414} = {1FC34AB7-B31C-47D2-B16C-C677F0794F63}
		{7BD25BAF-E55A-4753-AB23-5D4518424970} = {1FC34AB7-B31C-47D2-B16C-C677F0794F63}
		{B2FE4BF5-21C8-4055-AE10-68D248CA60CF} = {CCCFA55B-D351-4583-9FB5-D51780A2C033}
		{C44235AD-1105-493A-9802-1D3CFB293A04} = {E19B66DC-F575-4A18-B8AA-E9D3519EB885}
		{2FD03D00-6B85-4114-B05E-269668948727} = {C44235AD-1105-493A-9802-1D3CFB293A04}
		{ADDA4D4B-E342-402C-9A2F-BF7606E2414B} = {C44235AD-1105-493A-9802-1D3CFB293A04}
		{638773F0-B231-4AF0-8E16-E877407E7250} = {6DC4553F-E522-4BC3-83C2-EAFD6E2B6852}
		{CCCFA55B-D351-4583-9FB5-D51780A2C033} = {E19B66DC-F575-4A18-B8AA-E9D3519EB885}
		{0FF3E199-BA7A-4EA4-92B4-8910FF58A103} = {0D5F8417-6AD7-4F3E-9D46-38CB1AC9D9FE}
		{A8B7D153-AB02-40EF-9C7F-529BE98357E1} = {0FF3E199-BA7A-4EA4-92B4-8910FF58A103}
		{018CFFE3-A56E-496A-B288-E37B7F78EAF1} = {A8B7D153-AB02-40EF-9C7F-529BE98357E1}
		{3706E8C4-D534-4709-AD43-2F60E4F02609} = {0FF3E199-BA7A-4EA4-92B4-8910FF58A103}
		{4184709F-DB1A-4A27-ABC2-AE9696E40195} = {3706E8C4-D534-4709-AD43-2F60E4F02609}
		{50840147-E3CD-42AB-955C-1070F21E81DE} = {6DC4553F-E522-4BC3-83C2-EAFD6E2B6852}
		{66F0739D-790F-4349-BB52-C86086C4D5EB} = {50840147-E3CD-42AB-955C-1070F21E81DE}
		{02C8E23B-EDCE-4373-96CA-F633AEAD17F6} = {E19B66DC-F575-4A18-B8AA-E9D3519EB885}
		{CA50AABD-3B15-460B-8B50-E30815DE0A1D} = {02C8E23B-EDCE-4373-96CA-F633AEAD17F6}
		{43E4163F-489D-4F58-BDB9-12813207FC49} = {D789B1B2-073B-4609-948F-25C70148CDFB}
		{957782C5-7A45-4D16-9539-607C0F397471} = {43E4163F-489D-4F58-BDB9-12813207FC49}
		{DDDFF6AC-8237-4A59-A834-CF959419E316} = {43E4163F-489D-4F58-BDB9-12813207FC49}
		{D4BEDBC3-47F8-4F4C-A644-995F10EE1C18} = {43E4163F-489D-4F58-BDB9-12813207FC49}
	EndGlobalSection
	GlobalSection(ExtensibilityGlobals) = postSolution
		SolutionGuid = {C1FCD70A-A848-4567-B59C-D7B076BC2F2E}
	EndGlobalSection
EndGlobal
