
Microsoft Visual Studio Solution File, Format Version 12.00
# Visual Studio Version 16
VisualStudioVersion = 16.0.31129.286
MinimumVisualStudioVersion = 10.0.40219.1
Project("{9A19103F-16F7-4668-BE54-9A1E7A4F7556}") = "Synapse.Core", "BuildingBlocks\Synapse.Core\Synapse.Core.csproj", "{88D56F74-DF7E-4719-928C-6641756A30C6}"
EndProject
Project("{2150E333-8FDC-42A3-9474-1A3956D46DE8}") = "src", "src", "{F496B1AD-8B5C-4BD3-A664-D7C58CCCDFD4}"
EndProject
Project("{2150E333-8FDC-42A3-9474-1A3956D46DE8}") = "BuildingBlocks", "BuildingBlocks", "{D33764F1-94AB-4789-82C9-C6F1DBB7FF1B}"
EndProject
Project("{2150E333-8FDC-42A3-9474-1A3956D46DE8}") = "Operator", "Operator", "{12F11026-7CAD-4888-AEB6-A8C8FF245151}"
EndProject
Project("{2150E333-8FDC-42A3-9474-1A3956D46DE8}") = "Runner", "Runner", "{42F1EFC8-F151-4CB5-B8B6-F9CB4E74AAAF}"
EndProject
Project("{9A19103F-16F7-4668-BE54-9A1E7A4F7556}") = "Synapse.Operator.Application", "Operator\Synapse.Operator.Application\Synapse.Operator.Application.csproj", "{CEE089A8-D3AF-4A3C-9E63-A13D9AE0947A}"
EndProject
Project("{9A19103F-16F7-4668-BE54-9A1E7A4F7556}") = "Synapse.Runner.Application", "Runner\Synapse.Runner.Application\Synapse.Runner.Application.csproj", "{C9E89486-74D5-4B41-8CE4-CBD929F31503}"
EndProject
Project("{9A19103F-16F7-4668-BE54-9A1E7A4F7556}") = "Synapse.Operator.Runtime", "Operator\Synapse.Operator.Runtime\Synapse.Operator.Runtime.csproj", "{6D410114-5535-42B2-842A-E98600A645CE}"
EndProject
Project("{2150E333-8FDC-42A3-9474-1A3956D46DE8}") = "deployment", "deployment", "{BF80DA03-4F45-424F-BA7F-EA44CD166EF2}"
EndProject
Project("{FAE04EC0-301F-11D3-BF4B-00C04F79EFBC}") = "K8s", "..\deployment\k8s\K8s.csproj", "{3066A901-72F5-486B-9BA6-A795930638C9}"
EndProject
Project("{9A19103F-16F7-4668-BE54-9A1E7A4F7556}") = "Synapse.Runner.Infrastructure", "Runner\Synapse.Runner.Infrastructure\Synapse.Runner.Infrastructure.csproj", "{C314DCA2-579E-40E0-9982-3060ED4ABCF7}"
EndProject
Project("{9A19103F-16F7-4668-BE54-9A1E7A4F7556}") = "Synapse.Domain", "BuildingBlocks\Synapse.Domain\Synapse.Domain.csproj", "{03094CD1-0358-4ED2-A32E-488A16858708}"
EndProject
Project("{9A19103F-16F7-4668-BE54-9A1E7A4F7556}") = "Synapse.Infrastructure", "BuildingBlocks\Synapse.Infrastructure\Synapse.Infrastructure.csproj", "{854CCAAF-3425-440C-99CB-C934ED3AC574}"
EndProject
Project("{9A19103F-16F7-4668-BE54-9A1E7A4F7556}") = "Synapse.Runner.Runtime", "Runner\Synapse.Runner.Runtime\Synapse.Runner.Runtime.csproj", "{E6C440E7-F3EA-45D7-8ED2-FAF25D4182ED}"
EndProject
Project("{2150E333-8FDC-42A3-9474-1A3956D46DE8}") = "Cli", "Cli", "{4ED782BC-015E-4B77-8D46-0906B07C4100}"
EndProject
Project("{9A19103F-16F7-4668-BE54-9A1E7A4F7556}") = "Synapse.Cli", "Cli\Synapse.Cli\Synapse.Cli.csproj", "{739C4686-046C-419E-9BA5-CA7574AFEAEC}"
EndProject
Global
	GlobalSection(SolutionConfigurationPlatforms) = preSolution
		Debug|Any CPU = Debug|Any CPU
		Debug|x86 = Debug|x86
		Release|Any CPU = Release|Any CPU
		Release|x86 = Release|x86
	EndGlobalSection
	GlobalSection(ProjectConfigurationPlatforms) = postSolution
		{88D56F74-DF7E-4719-928C-6641756A30C6}.Debug|Any CPU.ActiveCfg = Debug|Any CPU
		{88D56F74-DF7E-4719-928C-6641756A30C6}.Debug|Any CPU.Build.0 = Debug|Any CPU
		{88D56F74-DF7E-4719-928C-6641756A30C6}.Debug|x86.ActiveCfg = Debug|Any CPU
		{88D56F74-DF7E-4719-928C-6641756A30C6}.Debug|x86.Build.0 = Debug|Any CPU
		{88D56F74-DF7E-4719-928C-6641756A30C6}.Release|Any CPU.ActiveCfg = Release|Any CPU
		{88D56F74-DF7E-4719-928C-6641756A30C6}.Release|Any CPU.Build.0 = Release|Any CPU
		{88D56F74-DF7E-4719-928C-6641756A30C6}.Release|x86.ActiveCfg = Release|Any CPU
		{88D56F74-DF7E-4719-928C-6641756A30C6}.Release|x86.Build.0 = Release|Any CPU
		{CEE089A8-D3AF-4A3C-9E63-A13D9AE0947A}.Debug|Any CPU.ActiveCfg = Debug|Any CPU
		{CEE089A8-D3AF-4A3C-9E63-A13D9AE0947A}.Debug|Any CPU.Build.0 = Debug|Any CPU
		{CEE089A8-D3AF-4A3C-9E63-A13D9AE0947A}.Debug|x86.ActiveCfg = Debug|Any CPU
		{CEE089A8-D3AF-4A3C-9E63-A13D9AE0947A}.Debug|x86.Build.0 = Debug|Any CPU
		{CEE089A8-D3AF-4A3C-9E63-A13D9AE0947A}.Release|Any CPU.ActiveCfg = Release|Any CPU
		{CEE089A8-D3AF-4A3C-9E63-A13D9AE0947A}.Release|Any CPU.Build.0 = Release|Any CPU
		{CEE089A8-D3AF-4A3C-9E63-A13D9AE0947A}.Release|x86.ActiveCfg = Release|Any CPU
		{CEE089A8-D3AF-4A3C-9E63-A13D9AE0947A}.Release|x86.Build.0 = Release|Any CPU
		{C9E89486-74D5-4B41-8CE4-CBD929F31503}.Debug|Any CPU.ActiveCfg = Debug|Any CPU
		{C9E89486-74D5-4B41-8CE4-CBD929F31503}.Debug|Any CPU.Build.0 = Debug|Any CPU
		{C9E89486-74D5-4B41-8CE4-CBD929F31503}.Debug|x86.ActiveCfg = Debug|Any CPU
		{C9E89486-74D5-4B41-8CE4-CBD929F31503}.Debug|x86.Build.0 = Debug|Any CPU
		{C9E89486-74D5-4B41-8CE4-CBD929F31503}.Release|Any CPU.ActiveCfg = Release|Any CPU
		{C9E89486-74D5-4B41-8CE4-CBD929F31503}.Release|Any CPU.Build.0 = Release|Any CPU
		{C9E89486-74D5-4B41-8CE4-CBD929F31503}.Release|x86.ActiveCfg = Release|Any CPU
		{C9E89486-74D5-4B41-8CE4-CBD929F31503}.Release|x86.Build.0 = Release|Any CPU
		{6D410114-5535-42B2-842A-E98600A645CE}.Debug|Any CPU.ActiveCfg = Debug|Any CPU
		{6D410114-5535-42B2-842A-E98600A645CE}.Debug|Any CPU.Build.0 = Debug|Any CPU
		{6D410114-5535-42B2-842A-E98600A645CE}.Debug|x86.ActiveCfg = Debug|Any CPU
		{6D410114-5535-42B2-842A-E98600A645CE}.Debug|x86.Build.0 = Debug|Any CPU
		{6D410114-5535-42B2-842A-E98600A645CE}.Release|Any CPU.ActiveCfg = Release|Any CPU
		{6D410114-5535-42B2-842A-E98600A645CE}.Release|Any CPU.Build.0 = Release|Any CPU
		{6D410114-5535-42B2-842A-E98600A645CE}.Release|x86.ActiveCfg = Release|Any CPU
		{6D410114-5535-42B2-842A-E98600A645CE}.Release|x86.Build.0 = Release|Any CPU
		{3066A901-72F5-486B-9BA6-A795930638C9}.Debug|Any CPU.ActiveCfg = Debug|x86
		{3066A901-72F5-486B-9BA6-A795930638C9}.Debug|x86.ActiveCfg = Debug|x86
		{3066A901-72F5-486B-9BA6-A795930638C9}.Debug|x86.Build.0 = Debug|x86
		{3066A901-72F5-486B-9BA6-A795930638C9}.Release|Any CPU.ActiveCfg = Debug|x86
		{3066A901-72F5-486B-9BA6-A795930638C9}.Release|Any CPU.Build.0 = Debug|x86
		{3066A901-72F5-486B-9BA6-A795930638C9}.Release|x86.ActiveCfg = Debug|x86
		{3066A901-72F5-486B-9BA6-A795930638C9}.Release|x86.Build.0 = Debug|x86
		{C314DCA2-579E-40E0-9982-3060ED4ABCF7}.Debug|Any CPU.ActiveCfg = Debug|Any CPU
		{C314DCA2-579E-40E0-9982-3060ED4ABCF7}.Debug|Any CPU.Build.0 = Debug|Any CPU
		{C314DCA2-579E-40E0-9982-3060ED4ABCF7}.Debug|x86.ActiveCfg = Debug|Any CPU
		{C314DCA2-579E-40E0-9982-3060ED4ABCF7}.Debug|x86.Build.0 = Debug|Any CPU
		{C314DCA2-579E-40E0-9982-3060ED4ABCF7}.Release|Any CPU.ActiveCfg = Release|Any CPU
		{C314DCA2-579E-40E0-9982-3060ED4ABCF7}.Release|Any CPU.Build.0 = Release|Any CPU
		{C314DCA2-579E-40E0-9982-3060ED4ABCF7}.Release|x86.ActiveCfg = Release|Any CPU
		{C314DCA2-579E-40E0-9982-3060ED4ABCF7}.Release|x86.Build.0 = Release|Any CPU
		{03094CD1-0358-4ED2-A32E-488A16858708}.Debug|Any CPU.ActiveCfg = Debug|Any CPU
		{03094CD1-0358-4ED2-A32E-488A16858708}.Debug|Any CPU.Build.0 = Debug|Any CPU
		{03094CD1-0358-4ED2-A32E-488A16858708}.Debug|x86.ActiveCfg = Debug|Any CPU
		{03094CD1-0358-4ED2-A32E-488A16858708}.Debug|x86.Build.0 = Debug|Any CPU
		{03094CD1-0358-4ED2-A32E-488A16858708}.Release|Any CPU.ActiveCfg = Release|Any CPU
		{03094CD1-0358-4ED2-A32E-488A16858708}.Release|Any CPU.Build.0 = Release|Any CPU
		{03094CD1-0358-4ED2-A32E-488A16858708}.Release|x86.ActiveCfg = Release|Any CPU
		{03094CD1-0358-4ED2-A32E-488A16858708}.Release|x86.Build.0 = Release|Any CPU
		{854CCAAF-3425-440C-99CB-C934ED3AC574}.Debug|Any CPU.ActiveCfg = Debug|Any CPU
		{854CCAAF-3425-440C-99CB-C934ED3AC574}.Debug|Any CPU.Build.0 = Debug|Any CPU
		{854CCAAF-3425-440C-99CB-C934ED3AC574}.Debug|x86.ActiveCfg = Debug|Any CPU
		{854CCAAF-3425-440C-99CB-C934ED3AC574}.Debug|x86.Build.0 = Debug|Any CPU
		{854CCAAF-3425-440C-99CB-C934ED3AC574}.Release|Any CPU.ActiveCfg = Release|Any CPU
		{854CCAAF-3425-440C-99CB-C934ED3AC574}.Release|Any CPU.Build.0 = Release|Any CPU
		{854CCAAF-3425-440C-99CB-C934ED3AC574}.Release|x86.ActiveCfg = Release|Any CPU
		{854CCAAF-3425-440C-99CB-C934ED3AC574}.Release|x86.Build.0 = Release|Any CPU
		{E6C440E7-F3EA-45D7-8ED2-FAF25D4182ED}.Debug|Any CPU.ActiveCfg = Debug|Any CPU
		{E6C440E7-F3EA-45D7-8ED2-FAF25D4182ED}.Debug|Any CPU.Build.0 = Debug|Any CPU
		{E6C440E7-F3EA-45D7-8ED2-FAF25D4182ED}.Debug|x86.ActiveCfg = Debug|Any CPU
		{E6C440E7-F3EA-45D7-8ED2-FAF25D4182ED}.Debug|x86.Build.0 = Debug|Any CPU
		{E6C440E7-F3EA-45D7-8ED2-FAF25D4182ED}.Release|Any CPU.ActiveCfg = Release|Any CPU
		{E6C440E7-F3EA-45D7-8ED2-FAF25D4182ED}.Release|Any CPU.Build.0 = Release|Any CPU
		{E6C440E7-F3EA-45D7-8ED2-FAF25D4182ED}.Release|x86.ActiveCfg = Release|Any CPU
		{E6C440E7-F3EA-45D7-8ED2-FAF25D4182ED}.Release|x86.Build.0 = Release|Any CPU
		{739C4686-046C-419E-9BA5-CA7574AFEAEC}.Debug|Any CPU.ActiveCfg = Debug|Any CPU
		{739C4686-046C-419E-9BA5-CA7574AFEAEC}.Debug|Any CPU.Build.0 = Debug|Any CPU
		{739C4686-046C-419E-9BA5-CA7574AFEAEC}.Debug|x86.ActiveCfg = Debug|Any CPU
		{739C4686-046C-419E-9BA5-CA7574AFEAEC}.Debug|x86.Build.0 = Debug|Any CPU
		{739C4686-046C-419E-9BA5-CA7574AFEAEC}.Release|Any CPU.ActiveCfg = Release|Any CPU
		{739C4686-046C-419E-9BA5-CA7574AFEAEC}.Release|Any CPU.Build.0 = Release|Any CPU
		{739C4686-046C-419E-9BA5-CA7574AFEAEC}.Release|x86.ActiveCfg = Release|Any CPU
		{739C4686-046C-419E-9BA5-CA7574AFEAEC}.Release|x86.Build.0 = Release|Any CPU
	EndGlobalSection
	GlobalSection(SolutionProperties) = preSolution
		HideSolutionNode = FALSE
	EndGlobalSection
	GlobalSection(NestedProjects) = preSolution
		{88D56F74-DF7E-4719-928C-6641756A30C6} = {D33764F1-94AB-4789-82C9-C6F1DBB7FF1B}
		{D33764F1-94AB-4789-82C9-C6F1DBB7FF1B} = {F496B1AD-8B5C-4BD3-A664-D7C58CCCDFD4}
		{12F11026-7CAD-4888-AEB6-A8C8FF245151} = {F496B1AD-8B5C-4BD3-A664-D7C58CCCDFD4}
		{42F1EFC8-F151-4CB5-B8B6-F9CB4E74AAAF} = {F496B1AD-8B5C-4BD3-A664-D7C58CCCDFD4}
		{CEE089A8-D3AF-4A3C-9E63-A13D9AE0947A} = {12F11026-7CAD-4888-AEB6-A8C8FF245151}
		{C9E89486-74D5-4B41-8CE4-CBD929F31503} = {42F1EFC8-F151-4CB5-B8B6-F9CB4E74AAAF}
		{6D410114-5535-42B2-842A-E98600A645CE} = {12F11026-7CAD-4888-AEB6-A8C8FF245151}
		{3066A901-72F5-486B-9BA6-A795930638C9} = {BF80DA03-4F45-424F-BA7F-EA44CD166EF2}
		{C314DCA2-579E-40E0-9982-3060ED4ABCF7} = {42F1EFC8-F151-4CB5-B8B6-F9CB4E74AAAF}
		{03094CD1-0358-4ED2-A32E-488A16858708} = {D33764F1-94AB-4789-82C9-C6F1DBB7FF1B}
		{854CCAAF-3425-440C-99CB-C934ED3AC574} = {D33764F1-94AB-4789-82C9-C6F1DBB7FF1B}
		{E6C440E7-F3EA-45D7-8ED2-FAF25D4182ED} = {42F1EFC8-F151-4CB5-B8B6-F9CB4E74AAAF}
		{4ED782BC-015E-4B77-8D46-0906B07C4100} = {F496B1AD-8B5C-4BD3-A664-D7C58CCCDFD4}
		{739C4686-046C-419E-9BA5-CA7574AFEAEC} = {4ED782BC-015E-4B77-8D46-0906B07C4100}
	EndGlobalSection
	GlobalSection(ExtensibilityGlobals) = postSolution
		SolutionGuid = {4A184D00-D6E4-4998-A991-162A8FDFC34B}
	EndGlobalSection
EndGlobal
